// !$*UTF8*$!
{
	archiveVersion = 1;
	classes = {
	};
	objectVersion = 46;
	objects = {

/* Begin PBXBuildFile section */
		8D27B71315DCDBEA00C6C8D8 /* UIKit.framework in Frameworks */ = {isa = PBXBuildFile; fileRef = 8D27B71215DCDBEA00C6C8D8 /* UIKit.framework */; };
		8D27B71515DCDBEA00C6C8D8 /* Foundation.framework in Frameworks */ = {isa = PBXBuildFile; fileRef = 8D27B71415DCDBEA00C6C8D8 /* Foundation.framework */; };
		8D27B71715DCDBEA00C6C8D8 /* CoreGraphics.framework in Frameworks */ = {isa = PBXBuildFile; fileRef = 8D27B71615DCDBEA00C6C8D8 /* CoreGraphics.framework */; };
		8D27B71D15DCDBEA00C6C8D8 /* InfoPlist.strings in Resources */ = {isa = PBXBuildFile; fileRef = 8D27B71B15DCDBEA00C6C8D8 /* InfoPlist.strings */; };
		8D27B71F15DCDBEA00C6C8D8 /* main.m in Sources */ = {isa = PBXBuildFile; fileRef = 8D27B71E15DCDBEA00C6C8D8 /* main.m */; };
		8D27B72315DCDBEA00C6C8D8 /* ProductionLineAppDelegate.m in Sources */ = {isa = PBXBuildFile; fileRef = 8D27B72215DCDBEA00C6C8D8 /* ProductionLineAppDelegate.m */; };
		8D27B72615DCDBEA00C6C8D8 /* MainStoryboard.storyboard in Resources */ = {isa = PBXBuildFile; fileRef = 8D27B72415DCDBEA00C6C8D8 /* MainStoryboard.storyboard */; };
		8D67215015E7689200A357DE /* StationStatusCell.m in Sources */ = {isa = PBXBuildFile; fileRef = 8D67214E15E7689200A357DE /* StationStatusCell.m */; };
		8D67215115E7689200A357DE /* StationStatusCell.xib in Resources */ = {isa = PBXBuildFile; fileRef = 8D67214F15E7689200A357DE /* StationStatusCell.xib */; };
		8D67216515E768B600A357DE /* Default.png in Resources */ = {isa = PBXBuildFile; fileRef = 8D67215215E768B600A357DE /* Default.png */; };
		8D67216615E768B600A357DE /* Default@2x.png in Resources */ = {isa = PBXBuildFile; fileRef = 8D67215315E768B600A357DE /* Default@2x.png */; };
		8D67216715E768B600A357DE /* Dice1.png in Resources */ = {isa = PBXBuildFile; fileRef = 8D67215415E768B600A357DE /* Dice1.png */; };
		8D67216815E768B600A357DE /* Dice2.png in Resources */ = {isa = PBXBuildFile; fileRef = 8D67215515E768B600A357DE /* Dice2.png */; };
		8D67216915E768B600A357DE /* Dice3.png in Resources */ = {isa = PBXBuildFile; fileRef = 8D67215615E768B600A357DE /* Dice3.png */; };
		8D67216A15E768B600A357DE /* Dice4.png in Resources */ = {isa = PBXBuildFile; fileRef = 8D67215715E768B600A357DE /* Dice4.png */; };
		8D67216B15E768B600A357DE /* Dice5.png in Resources */ = {isa = PBXBuildFile; fileRef = 8D67215815E768B600A357DE /* Dice5.png */; };
		8D67216C15E768B600A357DE /* Dice6.png in Resources */ = {isa = PBXBuildFile; fileRef = 8D67215915E768B600A357DE /* Dice6.png */; };
		8D67216D15E768B600A357DE /* first.png in Resources */ = {isa = PBXBuildFile; fileRef = 8D67215A15E768B600A357DE /* first.png */; };
		8D67216E15E768B600A357DE /* first@2x.png in Resources */ = {isa = PBXBuildFile; fileRef = 8D67215B15E768B600A357DE /* first@2x.png */; };
		8D67216F15E768B600A357DE /* icon.png in Resources */ = {isa = PBXBuildFile; fileRef = 8D67215C15E768B600A357DE /* icon.png */; };
		8D67217015E768B600A357DE /* icon@2x.png in Resources */ = {isa = PBXBuildFile; fileRef = 8D67215D15E768B600A357DE /* icon@2x.png */; };
		8D67217115E768B600A357DE /* launch.png in Resources */ = {isa = PBXBuildFile; fileRef = 8D67215E15E768B600A357DE /* launch.png */; };
		8D67217215E768B600A357DE /* launch@2x.png in Resources */ = {isa = PBXBuildFile; fileRef = 8D67215F15E768B600A357DE /* launch@2x.png */; };
		8D67217315E768B600A357DE /* play-button-green-triangle-48.png in Resources */ = {isa = PBXBuildFile; fileRef = 8D67216015E768B600A357DE /* play-button-green-triangle-48.png */; };
		8D67217415E768B600A357DE /* second.png in Resources */ = {isa = PBXBuildFile; fileRef = 8D67216115E768B600A357DE /* second.png */; };
		8D67217515E768B600A357DE /* second@2x.png in Resources */ = {isa = PBXBuildFile; fileRef = 8D67216215E768B600A357DE /* second@2x.png */; };
		8D67217615E768B600A357DE /* thumbs_000614-blue-chrome-rain-icon-media-a-media22-arrow-forward1.png in Resources */ = {isa = PBXBuildFile; fileRef = 8D67216315E768B600A357DE /* thumbs_000614-blue-chrome-rain-icon-media-a-media22-arrow-forward1.png */; };
		8D67217715E768B600A357DE /* thumbs_000618-blue-chrome-rain-icon-media-a-media26-arrows-skip-forward.png in Resources */ = {isa = PBXBuildFile; fileRef = 8D67216415E768B600A357DE /* thumbs_000618-blue-chrome-rain-icon-media-a-media26-arrows-skip-forward.png */; };
		8D67217E15E768C000A357DE /* FactorySetupController.m in Sources */ = {isa = PBXBuildFile; fileRef = 8D67217915E768C000A357DE /* FactorySetupController.m */; };
		8D67217F15E768C000A357DE /* ProductionLineController.m in Sources */ = {isa = PBXBuildFile; fileRef = 8D67217B15E768C000A357DE /* ProductionLineController.m */; };
		8D67218515E768CC00A357DE /* ProductionLine.m in Sources */ = {isa = PBXBuildFile; fileRef = 8D67218215E768CC00A357DE /* ProductionLine.m */; };
		8D67218615E768CC00A357DE /* Station.m in Sources */ = {isa = PBXBuildFile; fileRef = 8D67218415E768CC00A357DE /* Station.m */; };
		8D67219815EC87C600A357DE /* ProductionLineRunMetrics.m in Sources */ = {isa = PBXBuildFile; fileRef = 8D67219715EC87C600A357DE /* ProductionLineRunMetrics.m */; };
		8D6721AC15F072FB00A357DE /* StationChangeMetrics.m in Sources */ = {isa = PBXBuildFile; fileRef = 8D6721AB15F072FB00A357DE /* StationChangeMetrics.m */; };
/* End PBXBuildFile section */

/* Begin PBXFileReference section */
		8D27B70E15DCDBEA00C6C8D8 /* ProductionLine.app */ = {isa = PBXFileReference; explicitFileType = wrapper.application; includeInIndex = 0; path = ProductionLine.app; sourceTree = BUILT_PRODUCTS_DIR; };
		8D27B71215DCDBEA00C6C8D8 /* UIKit.framework */ = {isa = PBXFileReference; lastKnownFileType = wrapper.framework; name = UIKit.framework; path = System/Library/Frameworks/UIKit.framework; sourceTree = SDKROOT; };
		8D27B71415DCDBEA00C6C8D8 /* Foundation.framework */ = {isa = PBXFileReference; lastKnownFileType = wrapper.framework; name = Foundation.framework; path = System/Library/Frameworks/Foundation.framework; sourceTree = SDKROOT; };
		8D27B71615DCDBEA00C6C8D8 /* CoreGraphics.framework */ = {isa = PBXFileReference; lastKnownFileType = wrapper.framework; name = CoreGraphics.framework; path = System/Library/Frameworks/CoreGraphics.framework; sourceTree = SDKROOT; };
		8D27B71A15DCDBEA00C6C8D8 /* ProductionLine-Info.plist */ = {isa = PBXFileReference; lastKnownFileType = text.plist.xml; path = "ProductionLine-Info.plist"; sourceTree = "<group>"; };
		8D27B71C15DCDBEA00C6C8D8 /* en */ = {isa = PBXFileReference; lastKnownFileType = text.plist.strings; name = en; path = en.lproj/InfoPlist.strings; sourceTree = "<group>"; };
		8D27B71E15DCDBEA00C6C8D8 /* main.m */ = {isa = PBXFileReference; lastKnownFileType = sourcecode.c.objc; path = main.m; sourceTree = "<group>"; };
		8D27B72015DCDBEA00C6C8D8 /* ProductionLine-Prefix.pch */ = {isa = PBXFileReference; lastKnownFileType = sourcecode.c.h; path = "ProductionLine-Prefix.pch"; sourceTree = "<group>"; };
		8D27B72115DCDBEA00C6C8D8 /* ProductionLineAppDelegate.h */ = {isa = PBXFileReference; lastKnownFileType = sourcecode.c.h; path = ProductionLineAppDelegate.h; sourceTree = "<group>"; };
		8D27B72215DCDBEA00C6C8D8 /* ProductionLineAppDelegate.m */ = {isa = PBXFileReference; lastKnownFileType = sourcecode.c.objc; path = ProductionLineAppDelegate.m; sourceTree = "<group>"; };
		8D27B72515DCDBEA00C6C8D8 /* en */ = {isa = PBXFileReference; lastKnownFileType = file.storyboard; name = en; path = en.lproj/MainStoryboard.storyboard; sourceTree = "<group>"; };
		8D67214D15E7689200A357DE /* StationStatusCell.h */ = {isa = PBXFileReference; fileEncoding = 4; lastKnownFileType = sourcecode.c.h; name = StationStatusCell.h; path = views/StationStatusCell.h; sourceTree = "<group>"; };
		8D67214E15E7689200A357DE /* StationStatusCell.m */ = {isa = PBXFileReference; fileEncoding = 4; lastKnownFileType = sourcecode.c.objc; name = StationStatusCell.m; path = views/StationStatusCell.m; sourceTree = "<group>"; };
		8D67214F15E7689200A357DE /* StationStatusCell.xib */ = {isa = PBXFileReference; fileEncoding = 4; lastKnownFileType = file.xib; name = StationStatusCell.xib; path = views/StationStatusCell.xib; sourceTree = "<group>"; };
		8D67215215E768B600A357DE /* Default.png */ = {isa = PBXFileReference; lastKnownFileType = image.png; name = Default.png; path = images/Default.png; sourceTree = "<group>"; };
		8D67215315E768B600A357DE /* Default@2x.png */ = {isa = PBXFileReference; lastKnownFileType = image.png; name = "Default@2x.png"; path = "images/Default@2x.png"; sourceTree = "<group>"; };
		8D67215415E768B600A357DE /* Dice1.png */ = {isa = PBXFileReference; lastKnownFileType = image.png; name = Dice1.png; path = images/Dice1.png; sourceTree = "<group>"; };
		8D67215515E768B600A357DE /* Dice2.png */ = {isa = PBXFileReference; lastKnownFileType = image.png; name = Dice2.png; path = images/Dice2.png; sourceTree = "<group>"; };
		8D67215615E768B600A357DE /* Dice3.png */ = {isa = PBXFileReference; lastKnownFileType = image.png; name = Dice3.png; path = images/Dice3.png; sourceTree = "<group>"; };
		8D67215715E768B600A357DE /* Dice4.png */ = {isa = PBXFileReference; lastKnownFileType = image.png; name = Dice4.png; path = images/Dice4.png; sourceTree = "<group>"; };
		8D67215815E768B600A357DE /* Dice5.png */ = {isa = PBXFileReference; lastKnownFileType = image.png; name = Dice5.png; path = images/Dice5.png; sourceTree = "<group>"; };
		8D67215915E768B600A357DE /* Dice6.png */ = {isa = PBXFileReference; lastKnownFileType = image.png; name = Dice6.png; path = images/Dice6.png; sourceTree = "<group>"; };
		8D67215A15E768B600A357DE /* first.png */ = {isa = PBXFileReference; lastKnownFileType = image.png; name = first.png; path = images/first.png; sourceTree = "<group>"; };
		8D67215B15E768B600A357DE /* first@2x.png */ = {isa = PBXFileReference; lastKnownFileType = image.png; name = "first@2x.png"; path = "images/first@2x.png"; sourceTree = "<group>"; };
		8D67215C15E768B600A357DE /* icon.png */ = {isa = PBXFileReference; lastKnownFileType = image.png; name = icon.png; path = images/icon.png; sourceTree = "<group>"; };
		8D67215D15E768B600A357DE /* icon@2x.png */ = {isa = PBXFileReference; lastKnownFileType = image.png; name = "icon@2x.png"; path = "images/icon@2x.png"; sourceTree = "<group>"; };
		8D67215E15E768B600A357DE /* launch.png */ = {isa = PBXFileReference; lastKnownFileType = image.png; name = launch.png; path = images/launch.png; sourceTree = "<group>"; };
		8D67215F15E768B600A357DE /* launch@2x.png */ = {isa = PBXFileReference; lastKnownFileType = image.png; name = "launch@2x.png"; path = "images/launch@2x.png"; sourceTree = "<group>"; };
		8D67216015E768B600A357DE /* play-button-green-triangle-48.png */ = {isa = PBXFileReference; lastKnownFileType = image.png; name = "play-button-green-triangle-48.png"; path = "images/play-button-green-triangle-48.png"; sourceTree = "<group>"; };
		8D67216115E768B600A357DE /* second.png */ = {isa = PBXFileReference; lastKnownFileType = image.png; name = second.png; path = images/second.png; sourceTree = "<group>"; };
		8D67216215E768B600A357DE /* second@2x.png */ = {isa = PBXFileReference; lastKnownFileType = image.png; name = "second@2x.png"; path = "images/second@2x.png"; sourceTree = "<group>"; };
		8D67216315E768B600A357DE /* thumbs_000614-blue-chrome-rain-icon-media-a-media22-arrow-forward1.png */ = {isa = PBXFileReference; lastKnownFileType = image.png; name = "thumbs_000614-blue-chrome-rain-icon-media-a-media22-arrow-forward1.png"; path = "images/thumbs_000614-blue-chrome-rain-icon-media-a-media22-arrow-forward1.png"; sourceTree = "<group>"; };
		8D67216415E768B600A357DE /* thumbs_000618-blue-chrome-rain-icon-media-a-media26-arrows-skip-forward.png */ = {isa = PBXFileReference; lastKnownFileType = image.png; name = "thumbs_000618-blue-chrome-rain-icon-media-a-media26-arrows-skip-forward.png"; path = "images/thumbs_000618-blue-chrome-rain-icon-media-a-media26-arrows-skip-forward.png"; sourceTree = "<group>"; };
		8D67217815E768C000A357DE /* FactorySetupController.h */ = {isa = PBXFileReference; fileEncoding = 4; lastKnownFileType = sourcecode.c.h; name = FactorySetupController.h; path = controllers/FactorySetupController.h; sourceTree = "<group>"; };
		8D67217915E768C000A357DE /* FactorySetupController.m */ = {isa = PBXFileReference; fileEncoding = 4; lastKnownFileType = sourcecode.c.objc; name = FactorySetupController.m; path = controllers/FactorySetupController.m; sourceTree = "<group>"; };
		8D67217A15E768C000A357DE /* ProductionLineController.h */ = {isa = PBXFileReference; fileEncoding = 4; lastKnownFileType = sourcecode.c.h; name = ProductionLineController.h; path = controllers/ProductionLineController.h; sourceTree = "<group>"; };
		8D67217B15E768C000A357DE /* ProductionLineController.m */ = {isa = PBXFileReference; fileEncoding = 4; lastKnownFileType = sourcecode.c.objc; name = ProductionLineController.m; path = controllers/ProductionLineController.m; sourceTree = "<group>"; };
		8D67218115E768CC00A357DE /* ProductionLine.h */ = {isa = PBXFileReference; fileEncoding = 4; lastKnownFileType = sourcecode.c.h; name = ProductionLine.h; path = domain/ProductionLine.h; sourceTree = "<group>"; };
		8D67218215E768CC00A357DE /* ProductionLine.m */ = {isa = PBXFileReference; fileEncoding = 4; lastKnownFileType = sourcecode.c.objc; name = ProductionLine.m; path = domain/ProductionLine.m; sourceTree = "<group>"; };
		8D67218315E768CC00A357DE /* Station.h */ = {isa = PBXFileReference; fileEncoding = 4; lastKnownFileType = sourcecode.c.h; name = Station.h; path = domain/Station.h; sourceTree = "<group>"; };
		8D67218415E768CC00A357DE /* Station.m */ = {isa = PBXFileReference; fileEncoding = 4; lastKnownFileType = sourcecode.c.objc; name = Station.m; path = domain/Station.m; sourceTree = "<group>"; };
		8D67219615EC87C600A357DE /* ProductionLineRunMetrics.h */ = {isa = PBXFileReference; fileEncoding = 4; lastKnownFileType = sourcecode.c.h; path = ProductionLineRunMetrics.h; sourceTree = "<group>"; };
		8D67219715EC87C600A357DE /* ProductionLineRunMetrics.m */ = {isa = PBXFileReference; fileEncoding = 4; lastKnownFileType = sourcecode.c.objc; path = ProductionLineRunMetrics.m; sourceTree = "<group>"; };
		8D6721AA15F072FB00A357DE /* StationChangeMetrics.h */ = {isa = PBXFileReference; fileEncoding = 4; lastKnownFileType = sourcecode.c.h; name = StationChangeMetrics.h; path = domain/StationChangeMetrics.h; sourceTree = "<group>"; };
		8D6721AB15F072FB00A357DE /* StationChangeMetrics.m */ = {isa = PBXFileReference; fileEncoding = 4; lastKnownFileType = sourcecode.c.objc; name = StationChangeMetrics.m; path = domain/StationChangeMetrics.m; sourceTree = "<group>"; };
/* End PBXFileReference section */

/* Begin PBXFrameworksBuildPhase section */
		8D27B70B15DCDBEA00C6C8D8 /* Frameworks */ = {
			isa = PBXFrameworksBuildPhase;
			buildActionMask = 2147483647;
			files = (
				8D27B71315DCDBEA00C6C8D8 /* UIKit.framework in Frameworks */,
				8D27B71515DCDBEA00C6C8D8 /* Foundation.framework in Frameworks */,
				8D27B71715DCDBEA00C6C8D8 /* CoreGraphics.framework in Frameworks */,
			);
			runOnlyForDeploymentPostprocessing = 0;
		};
/* End PBXFrameworksBuildPhase section */

/* Begin PBXGroup section */
		8D27B70315DCDBEA00C6C8D8 = {
			isa = PBXGroup;
			children = (
				8D27B71815DCDBEA00C6C8D8 /* ProductionLine */,
				8D27B71115DCDBEA00C6C8D8 /* Frameworks */,
				8D27B70F15DCDBEA00C6C8D8 /* Products */,
			);
			sourceTree = "<group>";
		};
		8D27B70F15DCDBEA00C6C8D8 /* Products */ = {
			isa = PBXGroup;
			children = (
				8D27B70E15DCDBEA00C6C8D8 /* ProductionLine.app */,
			);
			name = Products;
			sourceTree = "<group>";
		};
		8D27B71115DCDBEA00C6C8D8 /* Frameworks */ = {
			isa = PBXGroup;
			children = (
				8D27B71215DCDBEA00C6C8D8 /* UIKit.framework */,
				8D27B71415DCDBEA00C6C8D8 /* Foundation.framework */,
				8D27B71615DCDBEA00C6C8D8 /* CoreGraphics.framework */,
			);
			name = Frameworks;
			sourceTree = "<group>";
		};
		8D27B71815DCDBEA00C6C8D8 /* ProductionLine */ = {
			isa = PBXGroup;
			children = (
				8D67218715E76B2B00A357DE /* external */,
				8D9CE82515E22911002D410A /* views */,
				8D561BF115DE45E7008E98DC /* controllers */,
				8D561BF015DE45C7008E98DC /* images */,
				8D561BEF15DE45AC008E98DC /* domain */,
				8D27B72115DCDBEA00C6C8D8 /* ProductionLineAppDelegate.h */,
				8D27B72215DCDBEA00C6C8D8 /* ProductionLineAppDelegate.m */,
				8D27B72415DCDBEA00C6C8D8 /* MainStoryboard.storyboard */,
				8D27B71915DCDBEA00C6C8D8 /* Supporting Files */,
			);
			path = ProductionLine;
			sourceTree = "<group>";
		};
		8D27B71915DCDBEA00C6C8D8 /* Supporting Files */ = {
			isa = PBXGroup;
			children = (
				8D27B71A15DCDBEA00C6C8D8 /* ProductionLine-Info.plist */,
				8D27B71B15DCDBEA00C6C8D8 /* InfoPlist.strings */,
				8D27B71E15DCDBEA00C6C8D8 /* main.m */,
				8D27B72015DCDBEA00C6C8D8 /* ProductionLine-Prefix.pch */,
			);
			name = "Supporting Files";
			sourceTree = "<group>";
		};
		8D561BEF15DE45AC008E98DC /* domain */ = {
			isa = PBXGroup;
			children = (
				8D67218115E768CC00A357DE /* ProductionLine.h */,
				8D67218215E768CC00A357DE /* ProductionLine.m */,
				8D67218315E768CC00A357DE /* Station.h */,
				8D67218415E768CC00A357DE /* Station.m */,
				8D67219615EC87C600A357DE /* ProductionLineRunMetrics.h */,
				8D67219715EC87C600A357DE /* ProductionLineRunMetrics.m */,
				8D6721AA15F072FB00A357DE /* StationChangeMetrics.h */,
				8D6721AB15F072FB00A357DE /* StationChangeMetrics.m */,
			);
			name = domain;
			sourceTree = "<group>";
		};
		8D561BF015DE45C7008E98DC /* images */ = {
			isa = PBXGroup;
			children = (
				8D67215215E768B600A357DE /* Default.png */,
				8D67215315E768B600A357DE /* Default@2x.png */,
				8D67215415E768B600A357DE /* Dice1.png */,
				8D67215515E768B600A357DE /* Dice2.png */,
				8D67215615E768B600A357DE /* Dice3.png */,
				8D67215715E768B600A357DE /* Dice4.png */,
				8D67215815E768B600A357DE /* Dice5.png */,
				8D67215915E768B600A357DE /* Dice6.png */,
				8D67215A15E768B600A357DE /* first.png */,
				8D67215B15E768B600A357DE /* first@2x.png */,
				8D67215C15E768B600A357DE /* icon.png */,
				8D67215D15E768B600A357DE /* icon@2x.png */,
				8D67215E15E768B600A357DE /* launch.png */,
				8D67215F15E768B600A357DE /* launch@2x.png */,
				8D67216015E768B600A357DE /* play-button-green-triangle-48.png */,
				8D67216115E768B600A357DE /* second.png */,
				8D67216215E768B600A357DE /* second@2x.png */,
				8D67216315E768B600A357DE /* thumbs_000614-blue-chrome-rain-icon-media-a-media22-arrow-forward1.png */,
				8D67216415E768B600A357DE /* thumbs_000618-blue-chrome-rain-icon-media-a-media26-arrows-skip-forward.png */,
			);
			name = images;
			sourceTree = "<group>";
		};
		8D561BF115DE45E7008E98DC /* controllers */ = {
			isa = PBXGroup;
			children = (
				8D67217815E768C000A357DE /* FactorySetupController.h */,
				8D67217915E768C000A357DE /* FactorySetupController.m */,
				8D67217A15E768C000A357DE /* ProductionLineController.h */,
				8D67217B15E768C000A357DE /* ProductionLineController.m */,
			);
			name = controllers;
			sourceTree = "<group>";
		};
		8D67218715E76B2B00A357DE /* external */ = {
			isa = PBXGroup;
			children = (
			);
			name = external;
			sourceTree = "<group>";
		};
		8D9CE82515E22911002D410A /* views */ = {
			isa = PBXGroup;
			children = (
				8D67214D15E7689200A357DE /* StationStatusCell.h */,
				8D67214E15E7689200A357DE /* StationStatusCell.m */,
				8D67214F15E7689200A357DE /* StationStatusCell.xib */,
			);
			name = views;
			sourceTree = "<group>";
		};
/* End PBXGroup section */

/* Begin PBXNativeTarget section */
		8D27B70D15DCDBEA00C6C8D8 /* ProductionLine */ = {
			isa = PBXNativeTarget;
			buildConfigurationList = 8D27B73715DCDBEA00C6C8D8 /* Build configuration list for PBXNativeTarget "ProductionLine" */;
			buildPhases = (
				8D27B70A15DCDBEA00C6C8D8 /* Sources */,
				8D27B70B15DCDBEA00C6C8D8 /* Frameworks */,
				8D27B70C15DCDBEA00C6C8D8 /* Resources */,
			);
			buildRules = (
			);
			dependencies = (
			);
			name = ProductionLine;
			productName = ProductionLine;
			productReference = 8D27B70E15DCDBEA00C6C8D8 /* ProductionLine.app */;
			productType = "com.apple.product-type.application";
		};
/* End PBXNativeTarget section */

/* Begin PBXProject section */
		8D27B70515DCDBEA00C6C8D8 /* Project object */ = {
			isa = PBXProject;
			attributes = {
				CLASSPREFIX = ProductionLine;
				LastUpgradeCheck = 0430;
			};
			buildConfigurationList = 8D27B70815DCDBEA00C6C8D8 /* Build configuration list for PBXProject "ProductionLine" */;
			compatibilityVersion = "Xcode 3.2";
			developmentRegion = English;
			hasScannedForEncodings = 0;
			knownRegions = (
				en,
			);
			mainGroup = 8D27B70315DCDBEA00C6C8D8;
			productRefGroup = 8D27B70F15DCDBEA00C6C8D8 /* Products */;
			projectDirPath = "";
			projectRoot = "";
			targets = (
				8D27B70D15DCDBEA00C6C8D8 /* ProductionLine */,
			);
		};
/* End PBXProject section */

/* Begin PBXResourcesBuildPhase section */
		8D27B70C15DCDBEA00C6C8D8 /* Resources */ = {
			isa = PBXResourcesBuildPhase;
			buildActionMask = 2147483647;
			files = (
				8D27B71D15DCDBEA00C6C8D8 /* InfoPlist.strings in Resources */,
				8D27B72615DCDBEA00C6C8D8 /* MainStoryboard.storyboard in Resources */,
				8D67215115E7689200A357DE /* StationStatusCell.xib in Resources */,
				8D67216515E768B600A357DE /* Default.png in Resources */,
				8D67216615E768B600A357DE /* Default@2x.png in Resources */,
				8D67216715E768B600A357DE /* Dice1.png in Resources */,
				8D67216815E768B600A357DE /* Dice2.png in Resources */,
				8D67216915E768B600A357DE /* Dice3.png in Resources */,
				8D67216A15E768B600A357DE /* Dice4.png in Resources */,
				8D67216B15E768B600A357DE /* Dice5.png in Resources */,
				8D67216C15E768B600A357DE /* Dice6.png in Resources */,
				8D67216D15E768B600A357DE /* first.png in Resources */,
				8D67216E15E768B600A357DE /* first@2x.png in Resources */,
				8D67216F15E768B600A357DE /* icon.png in Resources */,
				8D67217015E768B600A357DE /* icon@2x.png in Resources */,
				8D67217115E768B600A357DE /* launch.png in Resources */,
				8D67217215E768B600A357DE /* launch@2x.png in Resources */,
				8D67217315E768B600A357DE /* play-button-green-triangle-48.png in Resources */,
				8D67217415E768B600A357DE /* second.png in Resources */,
				8D67217515E768B600A357DE /* second@2x.png in Resources */,
				8D67217615E768B600A357DE /* thumbs_000614-blue-chrome-rain-icon-media-a-media22-arrow-forward1.png in Resources */,
				8D67217715E768B600A357DE /* thumbs_000618-blue-chrome-rain-icon-media-a-media26-arrows-skip-forward.png in Resources */,
			);
			runOnlyForDeploymentPostprocessing = 0;
		};
/* End PBXResourcesBuildPhase section */

/* Begin PBXSourcesBuildPhase section */
		8D27B70A15DCDBEA00C6C8D8 /* Sources */ = {
			isa = PBXSourcesBuildPhase;
			buildActionMask = 2147483647;
			files = (
				8D27B71F15DCDBEA00C6C8D8 /* main.m in Sources */,
				8D27B72315DCDBEA00C6C8D8 /* ProductionLineAppDelegate.m in Sources */,
				8D67215015E7689200A357DE /* StationStatusCell.m in Sources */,
				8D67217E15E768C000A357DE /* FactorySetupController.m in Sources */,
				8D67217F15E768C000A357DE /* ProductionLineController.m in Sources */,
				8D67218515E768CC00A357DE /* ProductionLine.m in Sources */,
				8D67218615E768CC00A357DE /* Station.m in Sources */,
				8D67219815EC87C600A357DE /* ProductionLineRunMetrics.m in Sources */,
				8D6721AC15F072FB00A357DE /* StationChangeMetrics.m in Sources */,
			);
			runOnlyForDeploymentPostprocessing = 0;
		};
/* End PBXSourcesBuildPhase section */

/* Begin PBXVariantGroup section */
		8D27B71B15DCDBEA00C6C8D8 /* InfoPlist.strings */ = {
			isa = PBXVariantGroup;
			children = (
				8D27B71C15DCDBEA00C6C8D8 /* en */,
			);
			name = InfoPlist.strings;
			sourceTree = "<group>";
		};
		8D27B72415DCDBEA00C6C8D8 /* MainStoryboard.storyboard */ = {
			isa = PBXVariantGroup;
			children = (
				8D27B72515DCDBEA00C6C8D8 /* en */,
			);
			name = MainStoryboard.storyboard;
			sourceTree = "<group>";
		};
/* End PBXVariantGroup section */

/* Begin XCBuildConfiguration section */
		8D27B73515DCDBEA00C6C8D8 /* Debug */ = {
			isa = XCBuildConfiguration;
			buildSettings = {
				ALWAYS_SEARCH_USER_PATHS = NO;
				ARCHS = "$(ARCHS_STANDARD_32_BIT)";
				CLANG_ENABLE_OBJC_ARC = YES;
				"CODE_SIGN_IDENTITY[sdk=iphoneos*]" = "iPhone Developer";
				COPY_PHASE_STRIP = NO;
				GCC_C_LANGUAGE_STANDARD = gnu99;
				GCC_DYNAMIC_NO_PIC = NO;
				GCC_OPTIMIZATION_LEVEL = 0;
				GCC_PREPROCESSOR_DEFINITIONS = (
					"DEBUG=1",
					"$(inherited)",
				);
				GCC_SYMBOLS_PRIVATE_EXTERN = NO;
				GCC_VERSION = com.apple.compilers.llvm.clang.1_0;
				GCC_WARN_ABOUT_RETURN_TYPE = YES;
				GCC_WARN_UNINITIALIZED_AUTOS = YES;
				GCC_WARN_UNUSED_VARIABLE = YES;
				IPHONEOS_DEPLOYMENT_TARGET = 5.1;
				SDKROOT = iphoneos;
			};
			name = Debug;
		};
		8D27B73615DCDBEA00C6C8D8 /* Release */ = {
			isa = XCBuildConfiguration;
			buildSettings = {
				ALWAYS_SEARCH_USER_PATHS = NO;
				ARCHS = "$(ARCHS_STANDARD_32_BIT)";
				CLANG_ENABLE_OBJC_ARC = YES;
				"CODE_SIGN_IDENTITY[sdk=iphoneos*]" = "iPhone Developer";
				COPY_PHASE_STRIP = YES;
				GCC_C_LANGUAGE_STANDARD = gnu99;
				GCC_VERSION = com.apple.compilers.llvm.clang.1_0;
				GCC_WARN_ABOUT_RETURN_TYPE = YES;
				GCC_WARN_UNINITIALIZED_AUTOS = YES;
				GCC_WARN_UNUSED_VARIABLE = YES;
				IPHONEOS_DEPLOYMENT_TARGET = 5.1;
				OTHER_CFLAGS = "-DNS_BLOCK_ASSERTIONS=1";
				SDKROOT = iphoneos;
				VALIDATE_PRODUCT = YES;
			};
			name = Release;
		};
		8D27B73815DCDBEA00C6C8D8 /* Debug */ = {
			isa = XCBuildConfiguration;
			buildSettings = {
				GCC_PRECOMPILE_PREFIX_HEADER = YES;
				GCC_PREFIX_HEADER = "ProductionLine/ProductionLine-Prefix.pch";
				INFOPLIST_FILE = "ProductionLine/ProductionLine-Info.plist";
				PRODUCT_NAME = "$(TARGET_NAME)";
				TARGETED_DEVICE_FAMILY = 1;
				WRAPPER_EXTENSION = app;
			};
			name = Debug;
		};
		8D27B73915DCDBEA00C6C8D8 /* Release */ = {
			isa = XCBuildConfiguration;
			buildSettings = {
				GCC_PRECOMPILE_PREFIX_HEADER = YES;
				GCC_PREFIX_HEADER = "ProductionLine/ProductionLine-Prefix.pch";
				INFOPLIST_FILE = "ProductionLine/ProductionLine-Info.plist";
				PRODUCT_NAME = "$(TARGET_NAME)";
				TARGETED_DEVICE_FAMILY = 1;
				WRAPPER_EXTENSION = app;
			};
			name = Release;
		};
/* End XCBuildConfiguration section */

/* Begin XCConfigurationList section */
		8D27B70815DCDBEA00C6C8D8 /* Build configuration list for PBXProject "ProductionLine" */ = {
			isa = XCConfigurationList;
			buildConfigurations = (
				8D27B73515DCDBEA00C6C8D8 /* Debug */,
				8D27B73615DCDBEA00C6C8D8 /* Release */,
			);
			defaultConfigurationIsVisible = 0;
			defaultConfigurationName = Release;
		};
		8D27B73715DCDBEA00C6C8D8 /* Build configuration list for PBXNativeTarget "ProductionLine" */ = {
			isa = XCConfigurationList;
			buildConfigurations = (
				8D27B73815DCDBEA00C6C8D8 /* Debug */,
				8D27B73915DCDBEA00C6C8D8 /* Release */,
			);
			defaultConfigurationIsVisible = 0;
			defaultConfigurationName = Release;
		};
/* End XCConfigurationList section */
	};
	rootObject = 8D27B70515DCDBEA00C6C8D8 /* Project object */;
}
